PODS:
  - agora_rtc_engine (6.1.1):
    - AgoraIrisRTC_iOS (= 4.1.0-rc.2)
    - AgoraRtcEngine_iOS (= 4.1.0)
    - Flutter
  - agora_rtm (1.5.0):
    - AgoraRtm_iOS (= 1.5.1)
    - Flutter
  - agora_uikit (0.0.1):
    - Flutter
  - AgoraIrisRTC_iOS (4.1.0-rc.2)
  - AgoraRtcEngine_iOS (4.1.0):
    - AgoraRtcEngine_iOS/AIAEC (= 4.1.0)
    - AgoraRtcEngine_iOS/AINS (= 4.1.0)
    - AgoraRtcEngine_iOS/AudioBeauty (= 4.1.0)
    - AgoraRtcEngine_iOS/ClearVision (= 4.1.0)
    - AgoraRtcEngine_iOS/ContentInspect (= 4.1.0)
    - AgoraRtcEngine_iOS/DRM (= 4.1.0)
    - AgoraRtcEngine_iOS/ReplayKit (= 4.1.0)
    - AgoraRtcEngine_iOS/RtcBasic (= 4.1.0)
    - AgoraRtcEngine_iOS/SpatialAudio (= 4.1.0)
    - AgoraRtcEngine_iOS/SuperResolution (= 4.1.0)
    - AgoraRtcEngine_iOS/VirtualBackground (= 4.1.0)
    - AgoraRtcEngine_iOS/VQA (= 4.1.0)
  - AgoraRtcEngine_iOS/AIAEC (4.1.0)
  - AgoraRtcEngine_iOS/AINS (4.1.0)
  - AgoraRtcEngine_iOS/AudioBeauty (4.1.0)
  - AgoraRtcEngine_iOS/ClearVision (4.1.0)
  - AgoraRtcEngine_iOS/ContentInspect (4.1.0)
  - AgoraRtcEngine_iOS/DRM (4.1.0)
  - AgoraRtcEngine_iOS/ReplayKit (4.1.0)
  - AgoraRtcEngine_iOS/RtcBasic (4.1.0)
  - AgoraRtcEngine_iOS/SpatialAudio (4.1.0)
  - AgoraRtcEngine_iOS/SuperResolution (4.1.0)
  - AgoraRtcEngine_iOS/VirtualBackground (4.1.0)
  - AgoraRtcEngine_iOS/VQA (4.1.0)
  - AgoraRtm_iOS (1.5.1)
  - AppAuth (1.6.2):
    - AppAuth/Core (= 1.6.2)
    - AppAuth/ExternalUserAgent (= 1.6.2)
  - AppAuth/Core (1.6.2)
  - AppAuth/ExternalUserAgent (1.6.2):
    - AppAuth/Core
  - audio_service (0.0.1):
    - Flutter
  - audio_session (0.0.1):
    - Flutter
  - Firebase/Auth (10.7.0):
    - Firebase/CoreOnly
    - FirebaseAuth (~> 10.7.0)
  - Firebase/CoreOnly (10.7.0):
    - FirebaseCore (= 10.7.0)
  - Firebase/Messaging (10.7.0):
    - Firebase/CoreOnly
    - FirebaseMessaging (~> 10.7.0)
  - firebase_auth (4.5.0):
    - Firebase/Auth (= 10.7.0)
    - firebase_core
    - Flutter
  - firebase_core (2.11.0):
    - Firebase/CoreOnly (= 10.7.0)
    - Flutter
  - firebase_messaging (14.5.0):
    - Firebase/Messaging (= 10.7.0)
    - firebase_core
    - Flutter
  - FirebaseAuth (10.7.0):
    - FirebaseCore (~> 10.0)
    - GoogleUtilities/AppDelegateSwizzler (~> 7.8)
    - GoogleUtilities/Environment (~> 7.8)
    - GTMSessionFetcher/Core (< 4.0, >= 2.1)
  - FirebaseCore (10.7.0):
    - FirebaseCoreInternal (~> 10.0)
    - GoogleUtilities/Environment (~> 7.8)
    - GoogleUtilities/Logger (~> 7.8)
  - FirebaseCoreInternal (10.9.0):
    - "GoogleUtilities/NSData+zlib (~> 7.8)"
  - FirebaseInstallations (10.9.0):
    - FirebaseCore (~> 10.0)
    - GoogleUtilities/Environment (~> 7.8)
    - GoogleUtilities/UserDefaults (~> 7.8)
    - PromisesObjC (~> 2.1)
  - FirebaseMessaging (10.7.0):
    - FirebaseCore (~> 10.0)
    - FirebaseInstallations (~> 10.0)
    - GoogleDataTransport (~> 9.2)
    - GoogleUtilities/AppDelegateSwizzler (~> 7.8)
    - GoogleUtilities/Environment (~> 7.8)
    - GoogleUtilities/Reachability (~> 7.8)
    - GoogleUtilities/UserDefaults (~> 7.8)
    - nanopb (< 2.30910.0, >= 2.30908.0)
  - Flutter (1.0.0)
  - flutter_app_badger (1.3.0):
    - Flutter
  - flutter_inappwebview (0.0.1):
    - Flutter
    - flutter_inappwebview/Core (= 0.0.1)
    - OrderedSet (~> 5.0)
  - flutter_inappwebview/Core (0.0.1):
    - Flutter
    - OrderedSet (~> 5.0)
  - flutter_local_notifications (0.0.1):
    - Flutter
  - flutter_native_splash (0.0.1):
    - Flutter
  - FMDB (2.7.5):
    - FMDB/standard (= 2.7.5)
  - FMDB/standard (2.7.5)
  - google_sign_in_ios (0.0.1):
    - Flutter
    - GoogleSignIn (~> 6.2)
  - GoogleDataTransport (9.2.3):
    - GoogleUtilities/Environment (~> 7.7)
    - nanopb (< 2.30910.0, >= 2.30908.0)
    - PromisesObjC (< 3.0, >= 1.2)
  - GoogleSignIn (6.2.4):
    - AppAuth (~> 1.5)
    - GTMAppAuth (~> 1.3)
    - GTMSessionFetcher/Core (< 3.0, >= 1.1)
  - GoogleUtilities/AppDelegateSwizzler (7.11.1):
    - GoogleUtilities/Environment
    - GoogleUtilities/Logger
    - GoogleUtilities/Network
  - GoogleUtilities/Environment (7.11.1):
    - PromisesObjC (< 3.0, >= 1.2)
  - GoogleUtilities/Logger (7.11.1):
    - GoogleUtilities/Environment
  - GoogleUtilities/Network (7.11.1):
    - GoogleUtilities/Logger
    - "GoogleUtilities/NSData+zlib"
    - GoogleUtilities/Reachability
  - "GoogleUtilities/NSData+zlib (7.11.1)"
  - GoogleUtilities/Reachability (7.11.1):
    - GoogleUtilities/Logger
  - GoogleUtilities/UserDefaults (7.11.1):
    - GoogleUtilities/Logger
  - GTMAppAuth (1.3.1):
    - AppAuth/Core (~> 1.6)
    - GTMSessionFetcher/Core (< 3.0, >= 1.5)
  - GTMSessionFetcher/Core (2.3.0)
  - iris_method_channel (0.0.1):
    - Flutter
  - nanopb (2.30909.0):
    - nanopb/decode (= 2.30909.0)
    - nanopb/encode (= 2.30909.0)
  - nanopb/decode (2.30909.0)
  - nanopb/encode (2.30909.0)
  - OrderedSet (5.0.0)
  - path_provider_foundation (0.0.1):
    - Flutter
    - FlutterMacOS
  - permission_handler_apple (9.0.4):
    - Flutter
  - PromisesObjC (2.2.0)
  - shared_preferences_foundation (0.0.1):
    - Flutter
    - FlutterMacOS
  - smart_auth (0.0.1):
    - Flutter
  - sqflite (0.0.2):
    - Flutter
    - FMDB (>= 2.7.5)
  - url_launcher_ios (0.0.1):
    - Flutter
  - video_player_avfoundation (0.0.1):
    - Flutter
  - wakelock (0.0.1):
    - Flutter
  - webview_flutter_wkwebview (0.0.1):
    - Flutter

DEPENDENCIES:
  - agora_rtc_engine (from `.symlinks/plugins/agora_rtc_engine/ios`)
  - agora_rtm (from `.symlinks/plugins/agora_rtm/ios`)
  - agora_uikit (from `.symlinks/plugins/agora_uikit/ios`)
  - audio_service (from `.symlinks/plugins/audio_service/ios`)
  - audio_session (from `.symlinks/plugins/audio_session/ios`)
  - firebase_auth (from `.symlinks/plugins/firebase_auth/ios`)
  - firebase_core (from `.symlinks/plugins/firebase_core/ios`)
  - firebase_messaging (from `.symlinks/plugins/firebase_messaging/ios`)
  - Flutter (from `Flutter`)
  - flutter_app_badger (from `.symlinks/plugins/flutter_app_badger/ios`)
  - flutter_inappwebview (from `.symlinks/plugins/flutter_inappwebview/ios`)
  - flutter_local_notifications (from `.symlinks/plugins/flutter_local_notifications/ios`)
  - flutter_native_splash (from `.symlinks/plugins/flutter_native_splash/ios`)
  - google_sign_in_ios (from `.symlinks/plugins/google_sign_in_ios/ios`)
  - iris_method_channel (from `.symlinks/plugins/iris_method_channel/ios`)
  - path_provider_foundation (from `.symlinks/plugins/path_provider_foundation/ios`)
  - permission_handler_apple (from `.symlinks/plugins/permission_handler_apple/ios`)
  - shared_preferences_foundation (from `.symlinks/plugins/shared_preferences_foundation/ios`)
  - smart_auth (from `.symlinks/plugins/smart_auth/ios`)
  - sqflite (from `.symlinks/plugins/sqflite/ios`)
  - url_launcher_ios (from `.symlinks/plugins/url_launcher_ios/ios`)
  - video_player_avfoundation (from `.symlinks/plugins/video_player_avfoundation/ios`)
  - wakelock (from `.symlinks/plugins/wakelock/ios`)
  - webview_flutter_wkwebview (from `.symlinks/plugins/webview_flutter_wkwebview/ios`)

SPEC REPOS:
  trunk:
    - AgoraIrisRTC_iOS
    - AgoraRtcEngine_iOS
    - AgoraRtm_iOS
    - AppAuth
    - Firebase
    - FirebaseAuth
    - FirebaseCore
    - FirebaseCoreInternal
    - FirebaseInstallations
    - FirebaseMessaging
    - FMDB
    - GoogleDataTransport
    - GoogleSignIn
    - GoogleUtilities
    - GTMAppAuth
    - GTMSessionFetcher
    - nanopb
    - OrderedSet
    - PromisesObjC

EXTERNAL SOURCES:
  agora_rtc_engine:
    :path: ".symlinks/plugins/agora_rtc_engine/ios"
  agora_rtm:
    :path: ".symlinks/plugins/agora_rtm/ios"
  agora_uikit:
    :path: ".symlinks/plugins/agora_uikit/ios"
  audio_service:
    :path: ".symlinks/plugins/audio_service/ios"
  audio_session:
    :path: ".symlinks/plugins/audio_session/ios"
  firebase_auth:
    :path: ".symlinks/plugins/firebase_auth/ios"
  firebase_core:
    :path: ".symlinks/plugins/firebase_core/ios"
  firebase_messaging:
    :path: ".symlinks/plugins/firebase_messaging/ios"
  Flutter:
    :path: Flutter
  flutter_app_badger:
    :path: ".symlinks/plugins/flutter_app_badger/ios"
  flutter_inappwebview:
    :path: ".symlinks/plugins/flutter_inappwebview/ios"
  flutter_local_notifications:
    :path: ".symlinks/plugins/flutter_local_notifications/ios"
  flutter_native_splash:
    :path: ".symlinks/plugins/flutter_native_splash/ios"
  google_sign_in_ios:
    :path: ".symlinks/plugins/google_sign_in_ios/ios"
  iris_method_channel:
    :path: ".symlinks/plugins/iris_method_channel/ios"
  path_provider_foundation:
    :path: ".symlinks/plugins/path_provider_foundation/ios"
  permission_handler_apple:
    :path: ".symlinks/plugins/permission_handler_apple/ios"
  shared_preferences_foundation:
    :path: ".symlinks/plugins/shared_preferences_foundation/ios"
  smart_auth:
    :path: ".symlinks/plugins/smart_auth/ios"
  sqflite:
    :path: ".symlinks/plugins/sqflite/ios"
  url_launcher_ios:
    :path: ".symlinks/plugins/url_launcher_ios/ios"
  video_player_avfoundation:
    :path: ".symlinks/plugins/video_player_avfoundation/ios"
  wakelock:
    :path: ".symlinks/plugins/wakelock/ios"
  webview_flutter_wkwebview:
    :path: ".symlinks/plugins/webview_flutter_wkwebview/ios"

SPEC CHECKSUMS:
  agora_rtc_engine: 719d838f850311218296e388047017fca1d55575
  agora_rtm: fe254f84e056f8dbcf878a2a20b9f46aa9e7d0dd
  agora_uikit: ca47b21e2af19474ddd8ec153670c2dc8cf3a9e8
  AgoraIrisRTC_iOS: 820fbab2d78d870a1bad4b1a02f950a390c73b48
  AgoraRtcEngine_iOS: 33f0136ad4196b2a31c8470e6b536fe77fb25f8b
  AgoraRtm_iOS: 595a9fa33a409831e6183396ea8f8bc563918403
  AppAuth: 3bb1d1cd9340bd09f5ed189fb00b1cc28e1e8570
  audio_service: f509d65da41b9521a61f1c404dd58651f265a567
  audio_session: 4f3e461722055d21515cf3261b64c973c062f345
  Firebase: 0219acf760880eeec8ce479895bd7767466d9f81
  firebase_auth: 1eb69de8f57040c5c78bb3267412e9cb395fd08c
  firebase_core: dee76ded6c693fdb38b8ea39aef7129e32e587a3
  firebase_messaging: 67fbcdaf6a7c81849590e542eff2409dc49d9fa5
  FirebaseAuth: dd64c01631df724b09f33e584625775c52f7d71f
  FirebaseCore: e317665b9d744727a97e623edbbed009320afdd7
  FirebaseCoreInternal: d2b4acb827908e72eca47a9fd896767c3053921e
  FirebaseInstallations: c58489c9caacdbf27d1da60891a87318e20218e0
  FirebaseMessaging: ac9062bcc35ed56e15a0241d8fd317022499baf8
  Flutter: f04841e97a9d0b0a8025694d0796dd46242b2854
  flutter_app_badger: b87fc231847b03b92ce1412aa351842e7e97932f
  flutter_inappwebview: bfd58618f49dc62f2676de690fc6dcda1d6c3721
  flutter_local_notifications: 0c0b1ae97e741e1521e4c1629a459d04b9aec743
  flutter_native_splash: 52501b97d1c0a5f898d687f1646226c1f93c56ef
  FMDB: 2ce00b547f966261cd18927a3ddb07cb6f3db82a
  google_sign_in_ios: 1256ff9d941db546373826966720b0c24804bcdd
  GoogleDataTransport: f0308f5905a745f94fb91fea9c6cbaf3831cb1bd
  GoogleSignIn: 5651ce3a61e56ca864160e79b484cd9ed3f49b7a
  GoogleUtilities: 9aa0ad5a7bc171f8bae016300bfcfa3fb8425749
  GTMAppAuth: 0ff230db599948a9ad7470ca667337803b3fc4dd
  GTMSessionFetcher: 3a63d75eecd6aa32c2fc79f578064e1214dfdec2
  iris_method_channel: 0617c689164d8154c020c50f63ca79f92b8a7b9d
  nanopb: b552cce312b6c8484180ef47159bc0f65a1f0431
  OrderedSet: aaeb196f7fef5a9edf55d89760da9176ad40b93c
  path_provider_foundation: c68054786f1b4f3343858c1e1d0caaded73f0be9
  permission_handler_apple: 44366e37eaf29454a1e7b1b7d736c2cceaeb17ce
  PromisesObjC: 09985d6d70fbe7878040aa746d78236e6946d2ef
  shared_preferences_foundation: 986fc17f3d3251412d18b0265f9c64113a8c2472
  smart_auth: 4bedbc118723912d0e45a07e8ab34039c19e04f2
  sqflite: 6d358c025f5b867b29ed92fc697fd34924e11904
  url_launcher_ios: 08a3dfac5fb39e8759aeb0abbd5d9480f30fc8b4
  video_player_avfoundation: 81e49bb3d9fb63dccf9fa0f6d877dc3ddbeac126
  wakelock: d0fc7c864128eac40eba1617cb5264d9c940b46f
  webview_flutter_wkwebview: b7e70ef1ddded7e69c796c7390ee74180182971f

PODFILE CHECKSUM: 0f0a2858cbd30ceb14058a3d801f04c0385c33f9

COCOAPODS: 1.12.1
